
Microsoft Visual Studio Solution File, Format Version 12.00
# Visual Studio Version 17
VisualStudioVersion = 17.5.33516.290
MinimumVisualStudioVersion = 10.0.40219.1
Project("{9A19103F-16F7-4668-BE54-9A1E7A4F7556}") = "TraversalCoreProject", "TraversalCoreProject.csproj", "{C10E05AC-672D-4F90-B322-5B501631F40D}"
EndProject
Project("{9A19103F-16F7-4668-BE54-9A1E7A4F7556}") = "EntityLayer", "..\EntityLayer\EntityLayer.csproj", "{845399D6-EB23-47D7-B0EA-328915A63042}"
EndProject
Project("{9A19103F-16F7-4668-BE54-9A1E7A4F7556}") = "DataAccessLayer", "..\DataAccessLayer\DataAccessLayer.csproj", "{68FF476D-83F9-4FDB-ADC5-EA91E0C76994}"
EndProject
Project("{9A19103F-16F7-4668-BE54-9A1E7A4F7556}") = "BusinessLayer", "..\BusinessLayer\BusinessLayer.csproj", "{2C05146D-B1CF-4523-9D21-F30E6954346C}"
EndProject
Project("{FAE04EC0-301F-11D3-BF4B-00C04F79EFBC}") = "DTOLayer", "..\DTOLayer\DTOLayer.csproj", "{6FEBA60A-E64F-41C1-9C47-DFDD72826CCC}"
EndProject
Global
	GlobalSection(SolutionConfigurationPlatforms) = preSolution
		Debug|Any CPU = Debug|Any CPU
		Release|Any CPU = Release|Any CPU
	EndGlobalSection
	GlobalSection(ProjectConfigurationPlatforms) = postSolution
		{C10E05AC-672D-4F90-B322-5B501631F40D}.Debug|Any CPU.ActiveCfg = Debug|Any CPU
		{C10E05AC-672D-4F90-B322-5B501631F40D}.Debug|Any CPU.Build.0 = Debug|Any CPU
		{C10E05AC-672D-4F90-B322-5B501631F40D}.Release|Any CPU.ActiveCfg = Release|Any CPU
		{C10E05AC-672D-4F90-B322-5B501631F40D}.Release|Any CPU.Build.0 = Release|Any CPU
		{845399D6-EB23-47D7-B0EA-328915A63042}.Debug|Any CPU.ActiveCfg = Debug|Any CPU
		{845399D6-EB23-47D7-B0EA-328915A63042}.Debug|Any CPU.Build.0 = Debug|Any CPU
		{845399D6-EB23-47D7-B0EA-328915A63042}.Release|Any CPU.ActiveCfg = Release|Any CPU
		{845399D6-EB23-47D7-B0EA-328915A63042}.Release|Any CPU.Build.0 = Release|Any CPU
		{68FF476D-83F9-4FDB-ADC5-EA91E0C76994}.Debug|Any CPU.ActiveCfg = Debug|Any CPU
		{68FF476D-83F9-4FDB-ADC5-EA91E0C76994}.Debug|Any CPU.Build.0 = Debug|Any CPU
		{68FF476D-83F9-4FDB-ADC5-EA91E0C76994}.Release|Any CPU.ActiveCfg = Release|Any CPU
		{68FF476D-83F9-4FDB-ADC5-EA91E0C76994}.Release|Any CPU.Build.0 = Release|Any CPU
		{2C05146D-B1CF-4523-9D21-F30E6954346C}.Debug|Any CPU.ActiveCfg = Debug|Any CPU
		{2C05146D-B1CF-4523-9D21-F30E6954346C}.Debug|Any CPU.Build.0 = Debug|Any CPU
		{2C05146D-B1CF-4523-9D21-F30E6954346C}.Release|Any CPU.ActiveCfg = Release|Any CPU
		{2C05146D-B1CF-4523-9D21-F30E6954346C}.Release|Any CPU.Build.0 = Release|Any CPU
		{6FEBA60A-E64F-41C1-9C47-DFDD72826CCC}.Debug|Any CPU.ActiveCfg = Debug|Any CPU
		{6FEBA60A-E64F-41C1-9C47-DFDD72826CCC}.Debug|Any CPU.Build.0 = Debug|Any CPU
		{6FEBA60A-E64F-41C1-9C47-DFDD72826CCC}.Release|Any CPU.ActiveCfg = Release|Any CPU
		{6FEBA60A-E64F-41C1-9C47-DFDD72826CCC}.Release|Any CPU.Build.0 = Release|Any CPU
	EndGlobalSection
	GlobalSection(SolutionProperties) = preSolution
		HideSolutionNode = FALSE
	EndGlobalSection
	GlobalSection(ExtensibilityGlobals) = postSolution
		SolutionGuid = {66629D80-A168-43AF-8AC9-E0776FBB6645}
	EndGlobalSection
EndGlobal
